
Microsoft Visual Studio Solution File, Format Version 12.00
# Visual Studio 2013
VisualStudioVersion = 12.0.30110.0
MinimumVisualStudioVersion = 10.0.40219.1
Project("{FAE04EC0-301F-11D3-BF4B-00C04F79EFBC}") = "Rotterdam.Core.Application", "Rotterdam.Core.Application\Rotterdam.Core.Application.csproj", "{D579E237-80FC-4C81-A656-D7427AACE3B9}"
EndProject
Project("{FAE04EC0-301F-11D3-BF4B-00C04F79EFBC}") = "Rotterdam.Core.Application.Tests", "Rotterdam.Core.Application.Tests\Rotterdam.Core.Application.Tests.csproj", "{C68C04AD-AB51-40D3-A234-94C62DDA6C1F}"
EndProject
Project("{FAE04EC0-301F-11D3-BF4B-00C04F79EFBC}") = "Rotterdam.Core.Domain", "Rotterdam.Core.Domain\Rotterdam.Core.Domain.csproj", "{F862E0E4-D8A7-446F-B80C-94F79ACA8DC1}"
EndProject
Project("{FAE04EC0-301F-11D3-BF4B-00C04F79EFBC}") = "Rotterdam.Data", "Rotterdam.Data.Model\Rotterdam.Data.csproj", "{1E101DF9-35A5-404D-9E2F-0B3800BB7F2F}"
EndProject
Project("{FAE04EC0-301F-11D3-BF4B-00C04F79EFBC}") = "Rotterdam.Core.Domain.Tests", "Rotterdam.Core.Domain.Tests\Rotterdam.Core.Domain.Tests.csproj", "{A00FB9EF-6D02-4588-A374-B4838990DD3F}"
EndProject
Project("{FAE04EC0-301F-11D3-BF4B-00C04F79EFBC}") = "Rotterdam.Data.Sql.EntityFramework.Static", "Rotterdam.Data.Sql.EntityFramework.Static\Rotterdam.Data.Sql.EntityFramework.Static.csproj", "{9E43C899-9B10-427E-AC3A-956336AE9137}"
EndProject
Project("{00D1A9C2-B5F0-4AF3-8072-F6C62B433612}") = "Rotterdam.Data.Sql.Schema", "Rotterdam.Data.Sql.Schema\Rotterdam.Data.Sql.Schema.sqlproj", "{F95E549D-25F1-48C8-A7F0-ACA9332DF9C5}"
EndProject
Project("{2150E333-8FDC-42A3-9474-1A3956D46DE8}") = ".nuget", ".nuget", "{921C81E0-BDB5-4273-A862-648CB35500BE}"
	ProjectSection(SolutionItems) = preProject
		.nuget\NuGet.Config = .nuget\NuGet.Config
		.nuget\NuGet.exe = .nuget\NuGet.exe
		.nuget\NuGet.targets = .nuget\NuGet.targets
	EndProjectSection
EndProject
Project("{FAE04EC0-301F-11D3-BF4B-00C04F79EFBC}") = "Rotterdam.Data.Sql.EntityFramework.Dynamic", "Rotterdam.Data.Sql.EntityFramework.Dynamic\Rotterdam.Data.Sql.EntityFramework.Dynamic.csproj", "{2D72816A-5CE0-4E46-A48C-BFC3931CB104}"
EndProject
Project("{FAE04EC0-301F-11D3-BF4B-00C04F79EFBC}") = "Rotterdam.Data.Sql.EntityFramework.Dynamic.Tests", "Rotterdam.Data.Sql.EntityFramework.Dynamic.Tests\Rotterdam.Data.Sql.EntityFramework.Dynamic.Tests.csproj", "{9A54F08B-76E0-44F1-8156-A75025911A76}"
EndProject
Global
	GlobalSection(SolutionConfigurationPlatforms) = preSolution
		Debug|Any CPU = Debug|Any CPU
		Release|Any CPU = Release|Any CPU
	EndGlobalSection
	GlobalSection(ProjectConfigurationPlatforms) = postSolution
		{D579E237-80FC-4C81-A656-D7427AACE3B9}.Debug|Any CPU.ActiveCfg = Debug|Any CPU
		{D579E237-80FC-4C81-A656-D7427AACE3B9}.Debug|Any CPU.Build.0 = Debug|Any CPU
		{D579E237-80FC-4C81-A656-D7427AACE3B9}.Release|Any CPU.ActiveCfg = Release|Any CPU
		{D579E237-80FC-4C81-A656-D7427AACE3B9}.Release|Any CPU.Build.0 = Release|Any CPU
		{C68C04AD-AB51-40D3-A234-94C62DDA6C1F}.Debug|Any CPU.ActiveCfg = Debug|Any CPU
		{C68C04AD-AB51-40D3-A234-94C62DDA6C1F}.Debug|Any CPU.Build.0 = Debug|Any CPU
		{C68C04AD-AB51-40D3-A234-94C62DDA6C1F}.Release|Any CPU.ActiveCfg = Release|Any CPU
		{C68C04AD-AB51-40D3-A234-94C62DDA6C1F}.Release|Any CPU.Build.0 = Release|Any CPU
		{F862E0E4-D8A7-446F-B80C-94F79ACA8DC1}.Debug|Any CPU.ActiveCfg = Debug|Any CPU
		{F862E0E4-D8A7-446F-B80C-94F79ACA8DC1}.Debug|Any CPU.Build.0 = Debug|Any CPU
		{F862E0E4-D8A7-446F-B80C-94F79ACA8DC1}.Release|Any CPU.ActiveCfg = Release|Any CPU
		{F862E0E4-D8A7-446F-B80C-94F79ACA8DC1}.Release|Any CPU.Build.0 = Release|Any CPU
		{1E101DF9-35A5-404D-9E2F-0B3800BB7F2F}.Debug|Any CPU.ActiveCfg = Debug|Any CPU
		{1E101DF9-35A5-404D-9E2F-0B3800BB7F2F}.Debug|Any CPU.Build.0 = Debug|Any CPU
		{1E101DF9-35A5-404D-9E2F-0B3800BB7F2F}.Release|Any CPU.ActiveCfg = Release|Any CPU
		{1E101DF9-35A5-404D-9E2F-0B3800BB7F2F}.Release|Any CPU.Build.0 = Release|Any CPU
		{A00FB9EF-6D02-4588-A374-B4838990DD3F}.Debug|Any CPU.ActiveCfg = Debug|Any CPU
		{A00FB9EF-6D02-4588-A374-B4838990DD3F}.Debug|Any CPU.Build.0 = Debug|Any CPU
		{A00FB9EF-6D02-4588-A374-B4838990DD3F}.Release|Any CPU.ActiveCfg = Release|Any CPU
		{A00FB9EF-6D02-4588-A374-B4838990DD3F}.Release|Any CPU.Build.0 = Release|Any CPU
		{9E43C899-9B10-427E-AC3A-956336AE9137}.Debug|Any CPU.ActiveCfg = Debug|Any CPU
		{9E43C899-9B10-427E-AC3A-956336AE9137}.Debug|Any CPU.Build.0 = Debug|Any CPU
		{9E43C899-9B10-427E-AC3A-956336AE9137}.Release|Any CPU.ActiveCfg = Release|Any CPU
		{9E43C899-9B10-427E-AC3A-956336AE9137}.Release|Any CPU.Build.0 = Release|Any CPU
		{F95E549D-25F1-48C8-A7F0-ACA9332DF9C5}.Debug|Any CPU.ActiveCfg = Debug|Any CPU
		{F95E549D-25F1-48C8-A7F0-ACA9332DF9C5}.Debug|Any CPU.Build.0 = Debug|Any CPU
		{F95E549D-25F1-48C8-A7F0-ACA9332DF9C5}.Debug|Any CPU.Deploy.0 = Debug|Any CPU
		{F95E549D-25F1-48C8-A7F0-ACA9332DF9C5}.Release|Any CPU.ActiveCfg = Release|Any CPU
		{F95E549D-25F1-48C8-A7F0-ACA9332DF9C5}.Release|Any CPU.Build.0 = Release|Any CPU
		{F95E549D-25F1-48C8-A7F0-ACA9332DF9C5}.Release|Any CPU.Deploy.0 = Release|Any CPU
		{2D72816A-5CE0-4E46-A48C-BFC3931CB104}.Debug|Any CPU.ActiveCfg = Debug|Any CPU
		{2D72816A-5CE0-4E46-A48C-BFC3931CB104}.Debug|Any CPU.Build.0 = Debug|Any CPU
		{2D72816A-5CE0-4E46-A48C-BFC3931CB104}.Release|Any CPU.ActiveCfg = Release|Any CPU
		{2D72816A-5CE0-4E46-A48C-BFC3931CB104}.Release|Any CPU.Build.0 = Release|Any CPU
		{9A54F08B-76E0-44F1-8156-A75025911A76}.Debug|Any CPU.ActiveCfg = Debug|Any CPU
		{9A54F08B-76E0-44F1-8156-A75025911A76}.Debug|Any CPU.Build.0 = Debug|Any CPU
		{9A54F08B-76E0-44F1-8156-A75025911A76}.Release|Any CPU.ActiveCfg = Release|Any CPU
		{9A54F08B-76E0-44F1-8156-A75025911A76}.Release|Any CPU.Build.0 = Release|Any CPU
	EndGlobalSection
	GlobalSection(SolutionProperties) = preSolution
		HideSolutionNode = FALSE
	EndGlobalSection
EndGlobal
